
Microsoft Visual Studio Solution File, Format Version 12.00
# Visual Studio Version 17
VisualStudioVersion = 17.0.32014.148
MinimumVisualStudioVersion = 10.0.40219.1
Project("{FAE04EC0-301F-11D3-BF4B-00C04F79EFBC}") = "AsyncTrainingDotnet6.Samples.AsyncWebAPI", "AsyncTrainingDotnet6.Samples.AsyncWebAPI\AsyncTrainingDotnet6.Samples.AsyncWebAPI.csproj", "{CADC5606-0A59-41EE-A094-CCF07067BDF9}"
EndProject
Global
	GlobalSection(SolutionConfigurationPlatforms) = preSolution
		Debug|Any CPU = Debug|Any CPU
		Release|Any CPU = Release|Any CPU
	EndGlobalSection
	GlobalSection(ProjectConfigurationPlatforms) = postSolution
		{CADC5606-0A59-41EE-A094-CCF07067BDF9}.Debug|Any CPU.ActiveCfg = Debug|Any CPU
		{CADC5606-0A59-41EE-A094-CCF07067BDF9}.Debug|Any CPU.Build.0 = Debug|Any CPU
		{CADC5606-0A59-41EE-A094-CCF07067BDF9}.Release|Any CPU.ActiveCfg = Release|Any CPU
		{CADC5606-0A59-41EE-A094-CCF07067BDF9}.Release|Any CPU.Build.0 = Release|Any CPU
	EndGlobalSection
	GlobalSection(SolutionProperties) = preSolution
		HideSolutionNode = FALSE
	EndGlobalSection
	GlobalSection(ExtensibilityGlobals) = postSolution
		SolutionGuid = {B7940FF6-3CF8-43CB-ADDC-4BE28DFF92B0}
	EndGlobalSection
EndGlobal
